// !$*UTF8*$!
{
	archiveVersion = 1;
	classes = {
	};
	objectVersion = 46;
	objects = {

/* Begin PBXBuildFile section */
		918C18231B11F2850058921D /* main.m in Sources */ = {isa = PBXBuildFile; fileRef = 918C18221B11F2850058921D /* main.m */; };
		918C18261B11F2850058921D /* AppDelegate.m in Sources */ = {isa = PBXBuildFile; fileRef = 918C18251B11F2850058921D /* AppDelegate.m */; };
		918C18291B11F2850058921D /* ViewController.m in Sources */ = {isa = PBXBuildFile; fileRef = 918C18281B11F2850058921D /* ViewController.m */; };
		918C182C1B11F2850058921D /* Main.storyboard in Resources */ = {isa = PBXBuildFile; fileRef = 918C182A1B11F2850058921D /* Main.storyboard */; };
		918C182E1B11F2850058921D /* Images.xcassets in Resources */ = {isa = PBXBuildFile; fileRef = 918C182D1B11F2850058921D /* Images.xcassets */; };
		918C18311B11F2850058921D /* LaunchScreen.xib in Resources */ = {isa = PBXBuildFile; fileRef = 918C182F1B11F2850058921D /* LaunchScreen.xib */; };
		918C183D1B11F2850058921D /* AFN_____Tests.m in Sources */ = {isa = PBXBuildFile; fileRef = 918C183C1B11F2850058921D /* AFN_____Tests.m */; };
		918C185A1B11F3040058921D /* AFHTTPRequestOperation.m in Sources */ = {isa = PBXBuildFile; fileRef = 918C18481B11F3040058921D /* AFHTTPRequestOperation.m */; };
		918C185B1B11F3040058921D /* AFHTTPRequestOperationManager.m in Sources */ = {isa = PBXBuildFile; fileRef = 918C184A1B11F3040058921D /* AFHTTPRequestOperationManager.m */; };
		918C185C1B11F3040058921D /* AFHTTPSessionManager.m in Sources */ = {isa = PBXBuildFile; fileRef = 918C184C1B11F3040058921D /* AFHTTPSessionManager.m */; };
		918C185D1B11F3040058921D /* AFNetworkReachabilityManager.m in Sources */ = {isa = PBXBuildFile; fileRef = 918C184F1B11F3040058921D /* AFNetworkReachabilityManager.m */; };
		918C185E1B11F3040058921D /* AFSecurityPolicy.m in Sources */ = {isa = PBXBuildFile; fileRef = 918C18511B11F3040058921D /* AFSecurityPolicy.m */; };
		918C185F1B11F3040058921D /* AFURLConnectionOperation.m in Sources */ = {isa = PBXBuildFile; fileRef = 918C18531B11F3040058921D /* AFURLConnectionOperation.m */; };
		918C18601B11F3040058921D /* AFURLRequestSerialization.m in Sources */ = {isa = PBXBuildFile; fileRef = 918C18551B11F3040058921D /* AFURLRequestSerialization.m */; };
		918C18611B11F3040058921D /* AFURLResponseSerialization.m in Sources */ = {isa = PBXBuildFile; fileRef = 918C18571B11F3040058921D /* AFURLResponseSerialization.m */; };
		918C18621B11F3040058921D /* AFURLSessionManager.m in Sources */ = {isa = PBXBuildFile; fileRef = 918C18591B11F3040058921D /* AFURLSessionManager.m */; };
/* End PBXBuildFile section */

/* Begin PBXContainerItemProxy section */
		918C18371B11F2850058921D /* PBXContainerItemProxy */ = {
			isa = PBXContainerItemProxy;
			containerPortal = 918C18151B11F2850058921D /* Project object */;
			proxyType = 1;
			remoteGlobalIDString = 918C181C1B11F2850058921D;
			remoteInfo = "AFN-基本使用";
		};
/* End PBXContainerItemProxy section */

/* Begin PBXFileReference section */
		918C181D1B11F2850058921D /* AFN-基本使用.app */ = {isa = PBXFileReference; explicitFileType = wrapper.application; includeInIndex = 0; path = "AFN-基本使用.app"; sourceTree = BUILT_PRODUCTS_DIR; };
		918C18211B11F2850058921D /* Info.plist */ = {isa = PBXFileReference; lastKnownFileType = text.plist.xml; path = Info.plist; sourceTree = "<group>"; };
		918C18221B11F2850058921D /* main.m */ = {isa = PBXFileReference; lastKnownFileType = sourcecode.c.objc; path = main.m; sourceTree = "<group>"; };
		918C18241B11F2850058921D /* AppDelegate.h */ = {isa = PBXFileReference; lastKnownFileType = sourcecode.c.h; path = AppDelegate.h; sourceTree = "<group>"; };
		918C18251B11F2850058921D /* AppDelegate.m */ = {isa = PBXFileReference; lastKnownFileType = sourcecode.c.objc; path = AppDelegate.m; sourceTree = "<group>"; };
		918C18271B11F2850058921D /* ViewController.h */ = {isa = PBXFileReference; lastKnownFileType = sourcecode.c.h; path = ViewController.h; sourceTree = "<group>"; };
		918C18281B11F2850058921D /* ViewController.m */ = {isa = PBXFileReference; lastKnownFileType = sourcecode.c.objc; path = ViewController.m; sourceTree = "<group>"; };
		918C182B1B11F2850058921D /* Base */ = {isa = PBXFileReference; lastKnownFileType = file.storyboard; name = Base; path = Base.lproj/Main.storyboard; sourceTree = "<group>"; };
		918C182D1B11F2850058921D /* Images.xcassets */ = {isa = PBXFileReference; lastKnownFileType = folder.assetcatalog; path = Images.xcassets; sourceTree = "<group>"; };
		918C18301B11F2850058921D /* Base */ = {isa = PBXFileReference; lastKnownFileType = file.xib; name = Base; path = Base.lproj/LaunchScreen.xib; sourceTree = "<group>"; };
		918C18361B11F2850058921D /* AFN-基本使用Tests.xctest */ = {isa = PBXFileReference; explicitFileType = wrapper.cfbundle; includeInIndex = 0; path = "AFN-基本使用Tests.xctest"; sourceTree = BUILT_PRODUCTS_DIR; };
		918C183B1B11F2850058921D /* Info.plist */ = {isa = PBXFileReference; lastKnownFileType = text.plist.xml; path = Info.plist; sourceTree = "<group>"; };
		918C183C1B11F2850058921D /* AFN_____Tests.m */ = {isa = PBXFileReference; lastKnownFileType = sourcecode.c.objc; path = "AFN_____Tests.m"; sourceTree = "<group>"; };
		918C18471B11F3040058921D /* AFHTTPRequestOperation.h */ = {isa = PBXFileReference; fileEncoding = 4; lastKnownFileType = sourcecode.c.h; path = AFHTTPRequestOperation.h; sourceTree = "<group>"; };
		918C18481B11F3040058921D /* AFHTTPRequestOperation.m */ = {isa = PBXFileReference; fileEncoding = 4; lastKnownFileType = sourcecode.c.objc; path = AFHTTPRequestOperation.m; sourceTree = "<group>"; };
		918C18491B11F3040058921D /* AFHTTPRequestOperationManager.h */ = {isa = PBXFileReference; fileEncoding = 4; lastKnownFileType = sourcecode.c.h; path = AFHTTPRequestOperationManager.h; sourceTree = "<group>"; };
		918C184A1B11F3040058921D /* AFHTTPRequestOperationManager.m */ = {isa = PBXFileReference; fileEncoding = 4; lastKnownFileType = sourcecode.c.objc; path = AFHTTPRequestOperationManager.m; sourceTree = "<group>"; };
		918C184B1B11F3040058921D /* AFHTTPSessionManager.h */ = {isa = PBXFileReference; fileEncoding = 4; lastKnownFileType = sourcecode.c.h; path = AFHTTPSessionManager.h; sourceTree = "<group>"; };
		918C184C1B11F3040058921D /* AFHTTPSessionManager.m */ = {isa = PBXFileReference; fileEncoding = 4; lastKnownFileType = sourcecode.c.objc; path = AFHTTPSessionManager.m; sourceTree = "<group>"; };
		918C184D1B11F3040058921D /* AFNetworking.h */ = {isa = PBXFileReference; fileEncoding = 4; lastKnownFileType = sourcecode.c.h; path = AFNetworking.h; sourceTree = "<group>"; };
		918C184E1B11F3040058921D /* AFNetworkReachabilityManager.h */ = {isa = PBXFileReference; fileEncoding = 4; lastKnownFileType = sourcecode.c.h; path = AFNetworkReachabilityManager.h; sourceTree = "<group>"; };
		918C184F1B11F3040058921D /* AFNetworkReachabilityManager.m */ = {isa = PBXFileReference; fileEncoding = 4; lastKnownFileType = sourcecode.c.objc; path = AFNetworkReachabilityManager.m; sourceTree = "<group>"; };
		918C18501B11F3040058921D /* AFSecurityPolicy.h */ = {isa = PBXFileReference; fileEncoding = 4; lastKnownFileType = sourcecode.c.h; path = AFSecurityPolicy.h; sourceTree = "<group>"; };
		918C18511B11F3040058921D /* AFSecurityPolicy.m */ = {isa = PBXFileReference; fileEncoding = 4; lastKnownFileType = sourcecode.c.objc; path = AFSecurityPolicy.m; sourceTree = "<group>"; };
		918C18521B11F3040058921D /* AFURLConnectionOperation.h */ = {isa = PBXFileReference; fileEncoding = 4; lastKnownFileType = sourcecode.c.h; path = AFURLConnectionOperation.h; sourceTree = "<group>"; };
		918C18531B11F3040058921D /* AFURLConnectionOperation.m */ = {isa = PBXFileReference; fileEncoding = 4; lastKnownFileType = sourcecode.c.objc; path = AFURLConnectionOperation.m; sourceTree = "<group>"; };
		918C18541B11F3040058921D /* AFURLRequestSerialization.h */ = {isa = PBXFileReference; fileEncoding = 4; lastKnownFileType = sourcecode.c.h; path = AFURLRequestSerialization.h; sourceTree = "<group>"; };
		918C18551B11F3040058921D /* AFURLRequestSerialization.m */ = {isa = PBXFileReference; fileEncoding = 4; lastKnownFileType = sourcecode.c.objc; path = AFURLRequestSerialization.m; sourceTree = "<group>"; };
		918C18561B11F3040058921D /* AFURLResponseSerialization.h */ = {isa = PBXFileReference; fileEncoding = 4; lastKnownFileType = sourcecode.c.h; path = AFURLResponseSerialization.h; sourceTree = "<group>"; };
		918C18571B11F3040058921D /* AFURLResponseSerialization.m */ = {isa = PBXFileReference; fileEncoding = 4; lastKnownFileType = sourcecode.c.objc; path = AFURLResponseSerialization.m; sourceTree = "<group>"; };
		918C18581B11F3040058921D /* AFURLSessionManager.h */ = {isa = PBXFileReference; fileEncoding = 4; lastKnownFileType = sourcecode.c.h; path = AFURLSessionManager.h; sourceTree = "<group>"; };
		918C18591B11F3040058921D /* AFURLSessionManager.m */ = {isa = PBXFileReference; fileEncoding = 4; lastKnownFileType = sourcecode.c.objc; path = AFURLSessionManager.m; sourceTree = "<group>"; };
/* End PBXFileReference section */

/* Begin PBXFrameworksBuildPhase section */
		918C181A1B11F2850058921D /* Frameworks */ = {
			isa = PBXFrameworksBuildPhase;
			buildActionMask = 2147483647;
			files = (
			);
			runOnlyForDeploymentPostprocessing = 0;
		};
		918C18331B11F2850058921D /* Frameworks */ = {
			isa = PBXFrameworksBuildPhase;
			buildActionMask = 2147483647;
			files = (
			);
			runOnlyForDeploymentPostprocessing = 0;
		};
/* End PBXFrameworksBuildPhase section */

/* Begin PBXGroup section */
		918C18141B11F2850058921D = {
			isa = PBXGroup;
			children = (
				918C181F1B11F2850058921D /* AFN-基本使用 */,
				918C18391B11F2850058921D /* AFN-基本使用Tests */,
				918C181E1B11F2850058921D /* Products */,
			);
			sourceTree = "<group>";
		};
		918C181E1B11F2850058921D /* Products */ = {
			isa = PBXGroup;
			children = (
				918C181D1B11F2850058921D /* AFN-基本使用.app */,
				918C18361B11F2850058921D /* AFN-基本使用Tests.xctest */,
			);
			name = Products;
			sourceTree = "<group>";
		};
		918C181F1B11F2850058921D /* AFN-基本使用 */ = {
			isa = PBXGroup;
			children = (
				918C18461B11F3040058921D /* AFNetworking */,
				918C18241B11F2850058921D /* AppDelegate.h */,
				918C18251B11F2850058921D /* AppDelegate.m */,
				918C18271B11F2850058921D /* ViewController.h */,
				918C18281B11F2850058921D /* ViewController.m */,
				918C182A1B11F2850058921D /* Main.storyboard */,
				918C182D1B11F2850058921D /* Images.xcassets */,
				918C182F1B11F2850058921D /* LaunchScreen.xib */,
				918C18201B11F2850058921D /* Supporting Files */,
			);
			path = "AFN-基本使用";
			sourceTree = "<group>";
		};
		918C18201B11F2850058921D /* Supporting Files */ = {
			isa = PBXGroup;
			children = (
				918C18211B11F2850058921D /* Info.plist */,
				918C18221B11F2850058921D /* main.m */,
			);
			name = "Supporting Files";
			sourceTree = "<group>";
		};
		918C18391B11F2850058921D /* AFN-基本使用Tests */ = {
			isa = PBXGroup;
			children = (
				918C183C1B11F2850058921D /* AFN_____Tests.m */,
				918C183A1B11F2850058921D /* Supporting Files */,
			);
			path = "AFN-基本使用Tests";
			sourceTree = "<group>";
		};
		918C183A1B11F2850058921D /* Supporting Files */ = {
			isa = PBXGroup;
			children = (
				918C183B1B11F2850058921D /* Info.plist */,
			);
			name = "Supporting Files";
			sourceTree = "<group>";
		};
		918C18461B11F3040058921D /* AFNetworking */ = {
			isa = PBXGroup;
			children = (
				918C18471B11F3040058921D /* AFHTTPRequestOperation.h */,
				918C18481B11F3040058921D /* AFHTTPRequestOperation.m */,
				918C18491B11F3040058921D /* AFHTTPRequestOperationManager.h */,
				918C184A1B11F3040058921D /* AFHTTPRequestOperationManager.m */,
				918C184B1B11F3040058921D /* AFHTTPSessionManager.h */,
				918C184C1B11F3040058921D /* AFHTTPSessionManager.m */,
				918C184D1B11F3040058921D /* AFNetworking.h */,
				918C184E1B11F3040058921D /* AFNetworkReachabilityManager.h */,
				918C184F1B11F3040058921D /* AFNetworkReachabilityManager.m */,
				918C18501B11F3040058921D /* AFSecurityPolicy.h */,
				918C18511B11F3040058921D /* AFSecurityPolicy.m */,
				918C18521B11F3040058921D /* AFURLConnectionOperation.h */,
				918C18531B11F3040058921D /* AFURLConnectionOperation.m */,
				918C18541B11F3040058921D /* AFURLRequestSerialization.h */,
				918C18551B11F3040058921D /* AFURLRequestSerialization.m */,
				918C18561B11F3040058921D /* AFURLResponseSerialization.h */,
				918C18571B11F3040058921D /* AFURLResponseSerialization.m */,
				918C18581B11F3040058921D /* AFURLSessionManager.h */,
				918C18591B11F3040058921D /* AFURLSessionManager.m */,
			);
			path = AFNetworking;
			sourceTree = "<group>";
		};
/* End PBXGroup section */

/* Begin PBXNativeTarget section */
		918C181C1B11F2850058921D /* AFN-基本使用 */ = {
			isa = PBXNativeTarget;
			buildConfigurationList = 918C18401B11F2850058921D /* Build configuration list for PBXNativeTarget "AFN-基本使用" */;
			buildPhases = (
				918C18191B11F2850058921D /* Sources */,
				918C181A1B11F2850058921D /* Frameworks */,
				918C181B1B11F2850058921D /* Resources */,
			);
			buildRules = (
			);
			dependencies = (
			);
			name = "AFN-基本使用";
			productName = "AFN-基本使用";
			productReference = 918C181D1B11F2850058921D /* AFN-基本使用.app */;
			productType = "com.apple.product-type.application";
		};
		918C18351B11F2850058921D /* AFN-基本使用Tests */ = {
			isa = PBXNativeTarget;
			buildConfigurationList = 918C18431B11F2850058921D /* Build configuration list for PBXNativeTarget "AFN-基本使用Tests" */;
			buildPhases = (
				918C18321B11F2850058921D /* Sources */,
				918C18331B11F2850058921D /* Frameworks */,
				918C18341B11F2850058921D /* Resources */,
			);
			buildRules = (
			);
			dependencies = (
				918C18381B11F2850058921D /* PBXTargetDependency */,
			);
			name = "AFN-基本使用Tests";
			productName = "AFN-基本使用Tests";
			productReference = 918C18361B11F2850058921D /* AFN-基本使用Tests.xctest */;
			productType = "com.apple.product-type.bundle.unit-test";
		};
/* End PBXNativeTarget section */

/* Begin PBXProject section */
		918C18151B11F2850058921D /* Project object */ = {
			isa = PBXProject;
			attributes = {
				LastUpgradeCheck = 0630;
				ORGANIZATIONNAME = zjsruxxxy7;
				TargetAttributes = {
					918C181C1B11F2850058921D = {
						CreatedOnToolsVersion = 6.3;
					};
					918C18351B11F2850058921D = {
						CreatedOnToolsVersion = 6.3;
						TestTargetID = 918C181C1B11F2850058921D;
					};
				};
			};
			buildConfigurationList = 918C18181B11F2850058921D /* Build configuration list for PBXProject "AFN-基本使用" */;
			compatibilityVersion = "Xcode 3.2";
			developmentRegion = English;
			hasScannedForEncodings = 0;
			knownRegions = (
				en,
				Base,
			);
			mainGroup = 918C18141B11F2850058921D;
			productRefGroup = 918C181E1B11F2850058921D /* Products */;
			projectDirPath = "";
			projectRoot = "";
			targets = (
				918C181C1B11F2850058921D /* AFN-基本使用 */,
				918C18351B11F2850058921D /* AFN-基本使用Tests */,
			);
		};
/* End PBXProject section */

/* Begin PBXResourcesBuildPhase section */
		918C181B1B11F2850058921D /* Resources */ = {
			isa = PBXResourcesBuildPhase;
			buildActionMask = 2147483647;
			files = (
				918C182C1B11F2850058921D /* Main.storyboard in Resources */,
				918C18311B11F2850058921D /* LaunchScreen.xib in Resources */,
				918C182E1B11F2850058921D /* Images.xcassets in Resources */,
			);
			runOnlyForDeploymentPostprocessing = 0;
		};
		918C18341B11F2850058921D /* Resources */ = {
			isa = PBXResourcesBuildPhase;
			buildActionMask = 2147483647;
			files = (
			);
			runOnlyForDeploymentPostprocessing = 0;
		};
/* End PBXResourcesBuildPhase section */

/* Begin PBXSourcesBuildPhase section */
		918C18191B11F2850058921D /* Sources */ = {
			isa = PBXSourcesBuildPhase;
			buildActionMask = 2147483647;
			files = (
				918C185A1B11F3040058921D /* AFHTTPRequestOperation.m in Sources */,
				918C18291B11F2850058921D /* ViewController.m in Sources */,
				918C185B1B11F3040058921D /* AFHTTPRequestOperationManager.m in Sources */,
				918C185D1B11F3040058921D /* AFNetworkReachabilityManager.m in Sources */,
				918C18611B11F3040058921D /* AFURLResponseSerialization.m in Sources */,
				918C185F1B11F3040058921D /* AFURLConnectionOperation.m in Sources */,
				918C185E1B11F3040058921D /* AFSecurityPolicy.m in Sources */,
				918C185C1B11F3040058921D /* AFHTTPSessionManager.m in Sources */,
				918C18601B11F3040058921D /* AFURLRequestSerialization.m in Sources */,
				918C18621B11F3040058921D /* AFURLSessionManager.m in Sources */,
				918C18261B11F2850058921D /* AppDelegate.m in Sources */,
				918C18231B11F2850058921D /* main.m in Sources */,
			);
			runOnlyForDeploymentPostprocessing = 0;
		};
		918C18321B11F2850058921D /* Sources */ = {
			isa = PBXSourcesBuildPhase;
			buildActionMask = 2147483647;
			files = (
				918C183D1B11F2850058921D /* AFN_____Tests.m in Sources */,
			);
			runOnlyForDeploymentPostprocessing = 0;
		};
/* End PBXSourcesBuildPhase section */

/* Begin PBXTargetDependency section */
		918C18381B11F2850058921D /* PBXTargetDependency */ = {
			isa = PBXTargetDependency;
			target = 918C181C1B11F2850058921D /* AFN-基本使用 */;
			targetProxy = 918C18371B11F2850058921D /* PBXContainerItemProxy */;
		};
/* End PBXTargetDependency section */

/* Begin PBXVariantGroup section */
		918C182A1B11F2850058921D /* Main.storyboard */ = {
			isa = PBXVariantGroup;
			children = (
				918C182B1B11F2850058921D /* Base */,
			);
			name = Main.storyboard;
			sourceTree = "<group>";
		};
		918C182F1B11F2850058921D /* LaunchScreen.xib */ = {
			isa = PBXVariantGroup;
			children = (
				918C18301B11F2850058921D /* Base */,
			);
			name = LaunchScreen.xib;
			sourceTree = "<group>";
		};
/* End PBXVariantGroup section */

/* Begin XCBuildConfiguration section */
		918C183E1B11F2850058921D /* Debug */ = {
			isa = XCBuildConfiguration;
			buildSettings = {
				ALWAYS_SEARCH_USER_PATHS = NO;
				CLANG_CXX_LANGUAGE_STANDARD = "gnu++0x";
				CLANG_CXX_LIBRARY = "libc++";
				CLANG_ENABLE_MODULES = YES;
				CLANG_ENABLE_OBJC_ARC = YES;
				CLANG_WARN_BOOL_CONVERSION = YES;
				CLANG_WARN_CONSTANT_CONVERSION = YES;
				CLANG_WARN_DIRECT_OBJC_ISA_USAGE = YES_ERROR;
				CLANG_WARN_EMPTY_BODY = YES;
				CLANG_WARN_ENUM_CONVERSION = YES;
				CLANG_WARN_INT_CONVERSION = YES;
				CLANG_WARN_OBJC_ROOT_CLASS = YES_ERROR;
				CLANG_WARN_UNREACHABLE_CODE = YES;
				CLANG_WARN__DUPLICATE_METHOD_MATCH = YES;
				"CODE_SIGN_IDENTITY[sdk=iphoneos*]" = "iPhone Developer";
				COPY_PHASE_STRIP = NO;
				DEBUG_INFORMATION_FORMAT = "dwarf-with-dsym";
				ENABLE_STRICT_OBJC_MSGSEND = YES;
				GCC_C_LANGUAGE_STANDARD = gnu99;
				GCC_DYNAMIC_NO_PIC = NO;
				GCC_NO_COMMON_BLOCKS = YES;
				GCC_OPTIMIZATION_LEVEL = 0;
				GCC_PREPROCESSOR_DEFINITIONS = (
					"DEBUG=1",
					"$(inherited)",
				);
				GCC_SYMBOLS_PRIVATE_EXTERN = NO;
				GCC_WARN_64_TO_32_BIT_CONVERSION = YES;
				GCC_WARN_ABOUT_RETURN_TYPE = YES_ERROR;
				GCC_WARN_UNDECLARED_SELECTOR = YES;
				GCC_WARN_UNINITIALIZED_AUTOS = YES_AGGRESSIVE;
				GCC_WARN_UNUSED_FUNCTION = YES;
				GCC_WARN_UNUSED_VARIABLE = YES;
				IPHONEOS_DEPLOYMENT_TARGET = 8.3;
				MTL_ENABLE_DEBUG_INFO = YES;
				ONLY_ACTIVE_ARCH = YES;
				SDKROOT = iphoneos;
			};
			name = Debug;
		};
		918C183F1B11F2850058921D /* Release */ = {
			isa = XCBuildConfiguration;
			buildSettings = {
				ALWAYS_SEARCH_USER_PATHS = NO;
				CLANG_CXX_LANGUAGE_STANDARD = "gnu++0x";
				CLANG_CXX_LIBRARY = "libc++";
				CLANG_ENABLE_MODULES = YES;
				CLANG_ENABLE_OBJC_ARC = YES;
				CLANG_WARN_BOOL_CONVERSION = YES;
				CLANG_WARN_CONSTANT_CONVERSION = YES;
				CLANG_WARN_DIRECT_OBJC_ISA_USAGE = YES_ERROR;
				CLANG_WARN_EMPTY_BODY = YES;
				CLANG_WARN_ENUM_CONVERSION = YES;
				CLANG_WARN_INT_CONVERSION = YES;
				CLANG_WARN_OBJC_ROOT_CLASS = YES_ERROR;
				CLANG_WARN_UNREACHABLE_CODE = YES;
				CLANG_WARN__DUPLICATE_METHOD_MATCH = YES;
				"CODE_SIGN_IDENTITY[sdk=iphoneos*]" = "iPhone Developer";
				COPY_PHASE_STRIP = NO;
				DEBUG_INFORMATION_FORMAT = "dwarf-with-dsym";
				ENABLE_NS_ASSERTIONS = NO;
				ENABLE_STRICT_OBJC_MSGSEND = YES;
				GCC_C_LANGUAGE_STANDARD = gnu99;
				GCC_NO_COMMON_BLOCKS = YES;
				GCC_WARN_64_TO_32_BIT_CONVERSION = YES;
				GCC_WARN_ABOUT_RETURN_TYPE = YES_ERROR;
				GCC_WARN_UNDECLARED_SELECTOR = YES;
				GCC_WARN_UNINITIALIZED_AUTOS = YES_AGGRESSIVE;
				GCC_WARN_UNUSED_FUNCTION = YES;
				GCC_WARN_UNUSED_VARIABLE = YES;
				IPHONEOS_DEPLOYMENT_TARGET = 8.3;
				MTL_ENABLE_DEBUG_INFO = NO;
				SDKROOT = iphoneos;
				VALIDATE_PRODUCT = YES;
			};
			name = Release;
		};
		918C18411B11F2850058921D /* Debug */ = {
			isa = XCBuildConfiguration;
			buildSettings = {
				ASSETCATALOG_COMPILER_APPICON_NAME = AppIcon;
				INFOPLIST_FILE = "AFN-基本使用/Info.plist";
				LD_RUNPATH_SEARCH_PATHS = "$(inherited) @executable_path/Frameworks";
				PRODUCT_NAME = "$(TARGET_NAME)";
			};
			name = Debug;
		};
		918C18421B11F2850058921D /* Release */ = {
			isa = XCBuildConfiguration;
			buildSettings = {
				ASSETCATALOG_COMPILER_APPICON_NAME = AppIcon;
				INFOPLIST_FILE = "AFN-基本使用/Info.plist";
				LD_RUNPATH_SEARCH_PATHS = "$(inherited) @executable_path/Frameworks";
				PRODUCT_NAME = "$(TARGET_NAME)";
			};
			name = Release;
		};
		918C18441B11F2850058921D /* Debug */ = {
			isa = XCBuildConfiguration;
			buildSettings = {
				BUNDLE_LOADER = "$(TEST_HOST)";
				FRAMEWORK_SEARCH_PATHS = (
					"$(SDKROOT)/Developer/Library/Frameworks",
					"$(inherited)",
				);
				GCC_PREPROCESSOR_DEFINITIONS = (
					"DEBUG=1",
					"$(inherited)",
				);
				INFOPLIST_FILE = "AFN-基本使用Tests/Info.plist";
				LD_RUNPATH_SEARCH_PATHS = "$(inherited) @executable_path/Frameworks @loader_path/Frameworks";
				PRODUCT_NAME = "$(TARGET_NAME)";
				TEST_HOST = "$(BUILT_PRODUCTS_DIR)/AFN-基本使用.app/AFN-基本使用";
			};
			name = Debug;
		};
		918C18451B11F2850058921D /* Release */ = {
			isa = XCBuildConfiguration;
			buildSettings = {
				BUNDLE_LOADER = "$(TEST_HOST)";
				FRAMEWORK_SEARCH_PATHS = (
					"$(SDKROOT)/Developer/Library/Frameworks",
					"$(inherited)",
				);
				INFOPLIST_FILE = "AFN-基本使用Tests/Info.plist";
				LD_RUNPATH_SEARCH_PATHS = "$(inherited) @executable_path/Frameworks @loader_path/Frameworks";
				PRODUCT_NAME = "$(TARGET_NAME)";
				TEST_HOST = "$(BUILT_PRODUCTS_DIR)/AFN-基本使用.app/AFN-基本使用";
			};
			name = Release;
		};
/* End XCBuildConfiguration section */

/* Begin XCConfigurationList section */
		918C18181B11F2850058921D /* Build configuration list for PBXProject "AFN-基本使用" */ = {
			isa = XCConfigurationList;
			buildConfigurations = (
				918C183E1B11F2850058921D /* Debug */,
				918C183F1B11F2850058921D /* Release */,
			);
			defaultConfigurationIsVisible = 0;
			defaultConfigurationName = Release;
		};
		918C18401B11F2850058921D /* Build configuration list for PBXNativeTarget "AFN-基本使用" */ = {
			isa = XCConfigurationList;
			buildConfigurations = (
				918C18411B11F2850058921D /* Debug */,
				918C18421B11F2850058921D /* Release */,
			);
			defaultConfigurationIsVisible = 0;
		};
		918C18431B11F2850058921D /* Build configuration list for PBXNativeTarget "AFN-基本使用Tests" */ = {
			isa = XCConfigurationList;
			buildConfigurations = (
				918C18441B11F2850058921D /* Debug */,
				918C18451B11F2850058921D /* Release */,
			);
			defaultConfigurationIsVisible = 0;
		};
/* End XCConfigurationList section */
	};
	rootObject = 918C18151B11F2850058921D /* Project object */;
}
